// !$*UTF8*$!
{
	archiveVersion = 1;
	classes = {
	};
	objectVersion = 46;
	objects = {

/* Begin PBXBuildFile section */
		8D12E1793A8FF35C45C86933 /* libPods-ExtractVideos.a in Frameworks */ = {isa = PBXBuildFile; fileRef = 3C85BA58C4D1659A89B32263 /* libPods-ExtractVideos.a */; };
		F4639CFE1EE110E800F8A49F /* main.m in Sources */ = {isa = PBXBuildFile; fileRef = F4639CFD1EE110E800F8A49F /* main.m */; };
		F4639D011EE110E800F8A49F /* AppDelegate.m in Sources */ = {isa = PBXBuildFile; fileRef = F4639D001EE110E800F8A49F /* AppDelegate.m */; };
		F4639D071EE110E800F8A49F /* Main.storyboard in Resources */ = {isa = PBXBuildFile; fileRef = F4639D051EE110E800F8A49F /* Main.storyboard */; };
		F4639D091EE110E800F8A49F /* Assets.xcassets in Resources */ = {isa = PBXBuildFile; fileRef = F4639D081EE110E800F8A49F /* Assets.xcassets */; };
		F4639D0C1EE110E800F8A49F /* LaunchScreen.storyboard in Resources */ = {isa = PBXBuildFile; fileRef = F4639D0A1EE110E800F8A49F /* LaunchScreen.storyboard */; };
		F4639D171EE110E800F8A49F /* ExtractVideosTests.m in Sources */ = {isa = PBXBuildFile; fileRef = F4639D161EE110E800F8A49F /* ExtractVideosTests.m */; };
		F4639D221EE110E800F8A49F /* ExtractVideosUITests.m in Sources */ = {isa = PBXBuildFile; fileRef = F4639D211EE110E800F8A49F /* ExtractVideosUITests.m */; };
		F4639D331EE1113C00F8A49F /* DeviceUtility.m in Sources */ = {isa = PBXBuildFile; fileRef = F4639D321EE1113C00F8A49F /* DeviceUtility.m */; };
		F4639D391EE111D200F8A49F /* HomeViewController.m in Sources */ = {isa = PBXBuildFile; fileRef = F4639D381EE111D200F8A49F /* HomeViewController.m */; };
		F4639D3C1EE111F500F8A49F /* HomeNullView.m in Sources */ = {isa = PBXBuildFile; fileRef = F4639D3B1EE111F500F8A49F /* HomeNullView.m */; };
		F4639D3F1EE13AFF00F8A49F /* CommonUtility.m in Sources */ = {isa = PBXBuildFile; fileRef = F4639D3E1EE13AFF00F8A49F /* CommonUtility.m */; };
		F4639D451EE1423400F8A49F /* NSTimer+addition.m in Sources */ = {isa = PBXBuildFile; fileRef = F4639D421EE1423400F8A49F /* NSTimer+addition.m */; };
		F4639D461EE1423400F8A49F /* WYWebProgressLayer.m in Sources */ = {isa = PBXBuildFile; fileRef = F4639D441EE1423400F8A49F /* WYWebProgressLayer.m */; };
		F4639D541EE54E1300F8A49F /* UIDownloadBar.m in Sources */ = {isa = PBXBuildFile; fileRef = F4639D531EE54E1300F8A49F /* UIDownloadBar.m */; };
		F49E5ED11EE6871D00090094 /* icon_22x29.png in Resources */ = {isa = PBXBuildFile; fileRef = F49E5ECD1EE6871D00090094 /* icon_22x29.png */; };
		F49E5ED21EE6871D00090094 /* icon_44x58.png in Resources */ = {isa = PBXBuildFile; fileRef = F49E5ECE1EE6871D00090094 /* icon_44x58.png */; };
		F49E5ED31EE6871D00090094 /* icon_64x64.png in Resources */ = {isa = PBXBuildFile; fileRef = F49E5ECF1EE6871D00090094 /* icon_64x64.png */; };
		F49E5ED41EE6871D00090094 /* icon_320x320.png in Resources */ = {isa = PBXBuildFile; fileRef = F49E5ED01EE6871D00090094 /* icon_320x320.png */; };
		F49E5ED71EE6D69000090094 /* UIViewController+QXCToast.m in Sources */ = {isa = PBXBuildFile; fileRef = F49E5ED61EE6D69000090094 /* UIViewController+QXCToast.m */; };
		F49E5EDA1EE6D70A00090094 /* QXCToastView.m in Sources */ = {isa = PBXBuildFile; fileRef = F49E5ED91EE6D70A00090094 /* QXCToastView.m */; };
		F49E5EDD1EE79EC300090094 /* DownloadRules.m in Sources */ = {isa = PBXBuildFile; fileRef = F49E5EDC1EE79EC300090094 /* DownloadRules.m */; };
		F49E5EE01EE7E17600090094 /* PSYouTubeExtractor.m in Sources */ = {isa = PBXBuildFile; fileRef = F49E5EDF1EE7E17600090094 /* PSYouTubeExtractor.m */; };
/* End PBXBuildFile section */

/* Begin PBXContainerItemProxy section */
		F4639D131EE110E800F8A49F /* PBXContainerItemProxy */ = {
			isa = PBXContainerItemProxy;
			containerPortal = F4639CF11EE110E800F8A49F /* Project object */;
			proxyType = 1;
			remoteGlobalIDString = F4639CF81EE110E800F8A49F;
			remoteInfo = ExtractVideos;
		};
		F4639D1E1EE110E800F8A49F /* PBXContainerItemProxy */ = {
			isa = PBXContainerItemProxy;
			containerPortal = F4639CF11EE110E800F8A49F /* Project object */;
			proxyType = 1;
			remoteGlobalIDString = F4639CF81EE110E800F8A49F;
			remoteInfo = ExtractVideos;
		};
/* End PBXContainerItemProxy section */

/* Begin PBXFileReference section */
		356E56374773FDD6D9548211 /* Pods-ExtractVideos.debug.xcconfig */ = {isa = PBXFileReference; includeInIndex = 1; lastKnownFileType = text.xcconfig; name = "Pods-ExtractVideos.debug.xcconfig"; path = "Pods/Target Support Files/Pods-ExtractVideos/Pods-ExtractVideos.debug.xcconfig"; sourceTree = "<group>"; };
		3C85BA58C4D1659A89B32263 /* libPods-ExtractVideos.a */ = {isa = PBXFileReference; explicitFileType = archive.ar; includeInIndex = 0; path = "libPods-ExtractVideos.a"; sourceTree = BUILT_PRODUCTS_DIR; };
		8FC56E901ADB086FD86AE8E5 /* Pods-ExtractVideos.release.xcconfig */ = {isa = PBXFileReference; includeInIndex = 1; lastKnownFileType = text.xcconfig; name = "Pods-ExtractVideos.release.xcconfig"; path = "Pods/Target Support Files/Pods-ExtractVideos/Pods-ExtractVideos.release.xcconfig"; sourceTree = "<group>"; };
		F4639CF91EE110E800F8A49F /* ExtractVideos.app */ = {isa = PBXFileReference; explicitFileType = wrapper.application; includeInIndex = 0; path = ExtractVideos.app; sourceTree = BUILT_PRODUCTS_DIR; };
		F4639CFD1EE110E800F8A49F /* main.m */ = {isa = PBXFileReference; lastKnownFileType = sourcecode.c.objc; path = main.m; sourceTree = "<group>"; };
		F4639CFF1EE110E800F8A49F /* AppDelegate.h */ = {isa = PBXFileReference; lastKnownFileType = sourcecode.c.h; path = AppDelegate.h; sourceTree = "<group>"; };
		F4639D001EE110E800F8A49F /* AppDelegate.m */ = {isa = PBXFileReference; lastKnownFileType = sourcecode.c.objc; path = AppDelegate.m; sourceTree = "<group>"; };
		F4639D061EE110E800F8A49F /* Base */ = {isa = PBXFileReference; lastKnownFileType = file.storyboard; name = Base; path = Base.lproj/Main.storyboard; sourceTree = "<group>"; };
		F4639D081EE110E800F8A49F /* Assets.xcassets */ = {isa = PBXFileReference; lastKnownFileType = folder.assetcatalog; path = Assets.xcassets; sourceTree = "<group>"; };
		F4639D0B1EE110E800F8A49F /* Base */ = {isa = PBXFileReference; lastKnownFileType = file.storyboard; name = Base; path = Base.lproj/LaunchScreen.storyboard; sourceTree = "<group>"; };
		F4639D0D1EE110E800F8A49F /* Info.plist */ = {isa = PBXFileReference; lastKnownFileType = text.plist.xml; path = Info.plist; sourceTree = "<group>"; };
		F4639D121EE110E800F8A49F /* ExtractVideosTests.xctest */ = {isa = PBXFileReference; explicitFileType = wrapper.cfbundle; includeInIndex = 0; path = ExtractVideosTests.xctest; sourceTree = BUILT_PRODUCTS_DIR; };
		F4639D161EE110E800F8A49F /* ExtractVideosTests.m */ = {isa = PBXFileReference; lastKnownFileType = sourcecode.c.objc; path = ExtractVideosTests.m; sourceTree = "<group>"; };
		F4639D181EE110E800F8A49F /* Info.plist */ = {isa = PBXFileReference; lastKnownFileType = text.plist.xml; path = Info.plist; sourceTree = "<group>"; };
		F4639D1D1EE110E800F8A49F /* ExtractVideosUITests.xctest */ = {isa = PBXFileReference; explicitFileType = wrapper.cfbundle; includeInIndex = 0; path = ExtractVideosUITests.xctest; sourceTree = BUILT_PRODUCTS_DIR; };
		F4639D211EE110E800F8A49F /* ExtractVideosUITests.m */ = {isa = PBXFileReference; lastKnownFileType = sourcecode.c.objc; path = ExtractVideosUITests.m; sourceTree = "<group>"; };
		F4639D231EE110E800F8A49F /* Info.plist */ = {isa = PBXFileReference; lastKnownFileType = text.plist.xml; path = Info.plist; sourceTree = "<group>"; };
		F4639D301EE1113C00F8A49F /* Const.h */ = {isa = PBXFileReference; fileEncoding = 4; lastKnownFileType = sourcecode.c.h; path = Const.h; sourceTree = "<group>"; };
		F4639D311EE1113C00F8A49F /* DeviceUtility.h */ = {isa = PBXFileReference; fileEncoding = 4; lastKnownFileType = sourcecode.c.h; path = DeviceUtility.h; sourceTree = "<group>"; };
		F4639D321EE1113C00F8A49F /* DeviceUtility.m */ = {isa = PBXFileReference; fileEncoding = 4; lastKnownFileType = sourcecode.c.objc; path = DeviceUtility.m; sourceTree = "<group>"; };
		F4639D371EE111D200F8A49F /* HomeViewController.h */ = {isa = PBXFileReference; fileEncoding = 4; lastKnownFileType = sourcecode.c.h; path = HomeViewController.h; sourceTree = "<group>"; };
		F4639D381EE111D200F8A49F /* HomeViewController.m */ = {isa = PBXFileReference; fileEncoding = 4; lastKnownFileType = sourcecode.c.objc; path = HomeViewController.m; sourceTree = "<group>"; };
		F4639D3A1EE111F500F8A49F /* HomeNullView.h */ = {isa = PBXFileReference; fileEncoding = 4; lastKnownFileType = sourcecode.c.h; path = HomeNullView.h; sourceTree = "<group>"; };
		F4639D3B1EE111F500F8A49F /* HomeNullView.m */ = {isa = PBXFileReference; fileEncoding = 4; lastKnownFileType = sourcecode.c.objc; path = HomeNullView.m; sourceTree = "<group>"; };
		F4639D3D1EE13AFF00F8A49F /* CommonUtility.h */ = {isa = PBXFileReference; fileEncoding = 4; lastKnownFileType = sourcecode.c.h; path = CommonUtility.h; sourceTree = "<group>"; };
		F4639D3E1EE13AFF00F8A49F /* CommonUtility.m */ = {isa = PBXFileReference; fileEncoding = 4; lastKnownFileType = sourcecode.c.objc; path = CommonUtility.m; sourceTree = "<group>"; };
		F4639D411EE1423400F8A49F /* NSTimer+addition.h */ = {isa = PBXFileReference; fileEncoding = 4; lastKnownFileType = sourcecode.c.h; path = "NSTimer+addition.h"; sourceTree = "<group>"; };
		F4639D421EE1423400F8A49F /* NSTimer+addition.m */ = {isa = PBXFileReference; fileEncoding = 4; lastKnownFileType = sourcecode.c.objc; path = "NSTimer+addition.m"; sourceTree = "<group>"; };
		F4639D431EE1423400F8A49F /* WYWebProgressLayer.h */ = {isa = PBXFileReference; fileEncoding = 4; lastKnownFileType = sourcecode.c.h; path = WYWebProgressLayer.h; sourceTree = "<group>"; };
		F4639D441EE1423400F8A49F /* WYWebProgressLayer.m */ = {isa = PBXFileReference; fileEncoding = 4; lastKnownFileType = sourcecode.c.objc; path = WYWebProgressLayer.m; sourceTree = "<group>"; };
		F4639D521EE54E1300F8A49F /* UIDownloadBar.h */ = {isa = PBXFileReference; fileEncoding = 4; lastKnownFileType = sourcecode.c.h; path = UIDownloadBar.h; sourceTree = "<group>"; };
		F4639D531EE54E1300F8A49F /* UIDownloadBar.m */ = {isa = PBXFileReference; fileEncoding = 4; lastKnownFileType = sourcecode.c.objc; path = UIDownloadBar.m; sourceTree = "<group>"; };
		F49E5ECD1EE6871D00090094 /* icon_22x29.png */ = {isa = PBXFileReference; lastKnownFileType = image.png; path = icon_22x29.png; sourceTree = "<group>"; };
		F49E5ECE1EE6871D00090094 /* icon_44x58.png */ = {isa = PBXFileReference; lastKnownFileType = image.png; path = icon_44x58.png; sourceTree = "<group>"; };
		F49E5ECF1EE6871D00090094 /* icon_64x64.png */ = {isa = PBXFileReference; lastKnownFileType = image.png; path = icon_64x64.png; sourceTree = "<group>"; };
		F49E5ED01EE6871D00090094 /* icon_320x320.png */ = {isa = PBXFileReference; lastKnownFileType = image.png; path = icon_320x320.png; sourceTree = "<group>"; };
		F49E5ED51EE6D69000090094 /* UIViewController+QXCToast.h */ = {isa = PBXFileReference; fileEncoding = 4; lastKnownFileType = sourcecode.c.h; path = "UIViewController+QXCToast.h"; sourceTree = "<group>"; };
		F49E5ED61EE6D69000090094 /* UIViewController+QXCToast.m */ = {isa = PBXFileReference; fileEncoding = 4; lastKnownFileType = sourcecode.c.objc; path = "UIViewController+QXCToast.m"; sourceTree = "<group>"; };
		F49E5ED81EE6D70A00090094 /* QXCToastView.h */ = {isa = PBXFileReference; fileEncoding = 4; lastKnownFileType = sourcecode.c.h; path = QXCToastView.h; sourceTree = "<group>"; };
		F49E5ED91EE6D70A00090094 /* QXCToastView.m */ = {isa = PBXFileReference; fileEncoding = 4; lastKnownFileType = sourcecode.c.objc; path = QXCToastView.m; sourceTree = "<group>"; };
		F49E5EDB1EE79EC300090094 /* DownloadRules.h */ = {isa = PBXFileReference; fileEncoding = 4; lastKnownFileType = sourcecode.c.h; path = DownloadRules.h; sourceTree = "<group>"; };
		F49E5EDC1EE79EC300090094 /* DownloadRules.m */ = {isa = PBXFileReference; fileEncoding = 4; lastKnownFileType = sourcecode.c.objc; path = DownloadRules.m; sourceTree = "<group>"; };
		F49E5EDE1EE7E17600090094 /* PSYouTubeExtractor.h */ = {isa = PBXFileReference; fileEncoding = 4; lastKnownFileType = sourcecode.c.h; path = PSYouTubeExtractor.h; sourceTree = "<group>"; };
		F49E5EDF1EE7E17600090094 /* PSYouTubeExtractor.m */ = {isa = PBXFileReference; fileEncoding = 4; lastKnownFileType = sourcecode.c.objc; path = PSYouTubeExtractor.m; sourceTree = "<group>"; };
/* End PBXFileReference section */

/* Begin PBXFrameworksBuildPhase section */
		F4639CF61EE110E800F8A49F /* Frameworks */ = {
			isa = PBXFrameworksBuildPhase;
			buildActionMask = 2147483647;
			files = (
				8D12E1793A8FF35C45C86933 /* libPods-ExtractVideos.a in Frameworks */,
			);
			runOnlyForDeploymentPostprocessing = 0;
		};
		F4639D0F1EE110E800F8A49F /* Frameworks */ = {
			isa = PBXFrameworksBuildPhase;
			buildActionMask = 2147483647;
			files = (
			);
			runOnlyForDeploymentPostprocessing = 0;
		};
		F4639D1A1EE110E800F8A49F /* Frameworks */ = {
			isa = PBXFrameworksBuildPhase;
			buildActionMask = 2147483647;
			files = (
			);
			runOnlyForDeploymentPostprocessing = 0;
		};
/* End PBXFrameworksBuildPhase section */

/* Begin PBXGroup section */
		45A8751C494763A3B87D48DA /* Pods */ = {
			isa = PBXGroup;
			children = (
				356E56374773FDD6D9548211 /* Pods-ExtractVideos.debug.xcconfig */,
				8FC56E901ADB086FD86AE8E5 /* Pods-ExtractVideos.release.xcconfig */,
			);
			name = Pods;
			sourceTree = "<group>";
		};
		D30CB2FD805A892FD9C76C2E /* Frameworks */ = {
			isa = PBXGroup;
			children = (
				3C85BA58C4D1659A89B32263 /* libPods-ExtractVideos.a */,
			);
			name = Frameworks;
			sourceTree = "<group>";
		};
		F4639CF01EE110E800F8A49F = {
			isa = PBXGroup;
			children = (
				F49E5ECD1EE6871D00090094 /* icon_22x29.png */,
				F49E5ECE1EE6871D00090094 /* icon_44x58.png */,
				F49E5ECF1EE6871D00090094 /* icon_64x64.png */,
				F49E5ED01EE6871D00090094 /* icon_320x320.png */,
				F4639CFB1EE110E800F8A49F /* ExtractVideos */,
				F4639D151EE110E800F8A49F /* ExtractVideosTests */,
				F4639D201EE110E800F8A49F /* ExtractVideosUITests */,
				F4639CFA1EE110E800F8A49F /* Products */,
				45A8751C494763A3B87D48DA /* Pods */,
				D30CB2FD805A892FD9C76C2E /* Frameworks */,
			);
			sourceTree = "<group>";
		};
		F4639CFA1EE110E800F8A49F /* Products */ = {
			isa = PBXGroup;
			children = (
				F4639CF91EE110E800F8A49F /* ExtractVideos.app */,
				F4639D121EE110E800F8A49F /* ExtractVideosTests.xctest */,
				F4639D1D1EE110E800F8A49F /* ExtractVideosUITests.xctest */,
			);
			name = Products;
			sourceTree = "<group>";
		};
		F4639CFB1EE110E800F8A49F /* ExtractVideos */ = {
			isa = PBXGroup;
			children = (
				F4639D341EE111B000F8A49F /* Home */,
				F4639D2F1EE1113C00F8A49F /* Lib */,
				F4639CFF1EE110E800F8A49F /* AppDelegate.h */,
				F4639D001EE110E800F8A49F /* AppDelegate.m */,
				F4639D051EE110E800F8A49F /* Main.storyboard */,
				F4639D081EE110E800F8A49F /* Assets.xcassets */,
				F4639D0A1EE110E800F8A49F /* LaunchScreen.storyboard */,
				F4639D0D1EE110E800F8A49F /* Info.plist */,
				F4639CFC1EE110E800F8A49F /* Supporting Files */,
			);
			path = ExtractVideos;
			sourceTree = "<group>";
		};
		F4639CFC1EE110E800F8A49F /* Supporting Files */ = {
			isa = PBXGroup;
			children = (
				F4639CFD1EE110E800F8A49F /* main.m */,
			);
			name = "Supporting Files";
			sourceTree = "<group>";
		};
		F4639D151EE110E800F8A49F /* ExtractVideosTests */ = {
			isa = PBXGroup;
			children = (
				F4639D161EE110E800F8A49F /* ExtractVideosTests.m */,
				F4639D181EE110E800F8A49F /* Info.plist */,
			);
			path = ExtractVideosTests;
			sourceTree = "<group>";
		};
		F4639D201EE110E800F8A49F /* ExtractVideosUITests */ = {
			isa = PBXGroup;
			children = (
				F4639D211EE110E800F8A49F /* ExtractVideosUITests.m */,
				F4639D231EE110E800F8A49F /* Info.plist */,
			);
			path = ExtractVideosUITests;
			sourceTree = "<group>";
		};
		F4639D2F1EE1113C00F8A49F /* Lib */ = {
			isa = PBXGroup;
			children = (
				F4639D401EE1423400F8A49F /* public */,
				F4639D3D1EE13AFF00F8A49F /* CommonUtility.h */,
				F4639D3E1EE13AFF00F8A49F /* CommonUtility.m */,
				F4639D301EE1113C00F8A49F /* Const.h */,
				F4639D311EE1113C00F8A49F /* DeviceUtility.h */,
				F4639D321EE1113C00F8A49F /* DeviceUtility.m */,
				F49E5ED51EE6D69000090094 /* UIViewController+QXCToast.h */,
				F49E5ED61EE6D69000090094 /* UIViewController+QXCToast.m */,
				F49E5ED81EE6D70A00090094 /* QXCToastView.h */,
				F49E5ED91EE6D70A00090094 /* QXCToastView.m */,
				F49E5EDB1EE79EC300090094 /* DownloadRules.h */,
				F49E5EDC1EE79EC300090094 /* DownloadRules.m */,
				F49E5EDE1EE7E17600090094 /* PSYouTubeExtractor.h */,
				F49E5EDF1EE7E17600090094 /* PSYouTubeExtractor.m */,
			);
			path = Lib;
			sourceTree = "<group>";
		};
		F4639D341EE111B000F8A49F /* Home */ = {
			isa = PBXGroup;
			children = (
				F4639D351EE111B000F8A49F /* Controller */,
				F4639D361EE111B000F8A49F /* View */,
			);
			path = Home;
			sourceTree = "<group>";
		};
		F4639D351EE111B000F8A49F /* Controller */ = {
			isa = PBXGroup;
			children = (
				F4639D371EE111D200F8A49F /* HomeViewController.h */,
				F4639D381EE111D200F8A49F /* HomeViewController.m */,
			);
			path = Controller;
			sourceTree = "<group>";
		};
		F4639D361EE111B000F8A49F /* View */ = {
			isa = PBXGroup;
			children = (
				F4639D3A1EE111F500F8A49F /* HomeNullView.h */,
				F4639D3B1EE111F500F8A49F /* HomeNullView.m */,
				F4639D521EE54E1300F8A49F /* UIDownloadBar.h */,
				F4639D531EE54E1300F8A49F /* UIDownloadBar.m */,
			);
			path = View;
			sourceTree = "<group>";
		};
		F4639D401EE1423400F8A49F /* public */ = {
			isa = PBXGroup;
			children = (
				F4639D411EE1423400F8A49F /* NSTimer+addition.h */,
				F4639D421EE1423400F8A49F /* NSTimer+addition.m */,
				F4639D431EE1423400F8A49F /* WYWebProgressLayer.h */,
				F4639D441EE1423400F8A49F /* WYWebProgressLayer.m */,
			);
			path = public;
			sourceTree = "<group>";
		};
/* End PBXGroup section */

/* Begin PBXNativeTarget section */
		F4639CF81EE110E800F8A49F /* ExtractVideos */ = {
			isa = PBXNativeTarget;
			buildConfigurationList = F4639D261EE110E800F8A49F /* Build configuration list for PBXNativeTarget "ExtractVideos" */;
			buildPhases = (
				E30EF293E067DA40D35B2962 /* [CP] Check Pods Manifest.lock */,
				F4639CF51EE110E800F8A49F /* Sources */,
				F4639CF61EE110E800F8A49F /* Frameworks */,
				F4639CF71EE110E800F8A49F /* Resources */,
				9A0AA35EEB65511E1B37AF84 /* [CP] Embed Pods Frameworks */,
				CAA5A0DAA92D0FC8A5DCBCF0 /* [CP] Copy Pods Resources */,
			);
			buildRules = (
			);
			dependencies = (
			);
			name = ExtractVideos;
			productName = ExtractVideos;
			productReference = F4639CF91EE110E800F8A49F /* ExtractVideos.app */;
			productType = "com.apple.product-type.application";
		};
		F4639D111EE110E800F8A49F /* ExtractVideosTests */ = {
			isa = PBXNativeTarget;
			buildConfigurationList = F4639D291EE110E800F8A49F /* Build configuration list for PBXNativeTarget "ExtractVideosTests" */;
			buildPhases = (
				F4639D0E1EE110E800F8A49F /* Sources */,
				F4639D0F1EE110E800F8A49F /* Frameworks */,
				F4639D101EE110E800F8A49F /* Resources */,
			);
			buildRules = (
			);
			dependencies = (
				F4639D141EE110E800F8A49F /* PBXTargetDependency */,
			);
			name = ExtractVideosTests;
			productName = ExtractVideosTests;
			productReference = F4639D121EE110E800F8A49F /* ExtractVideosTests.xctest */;
			productType = "com.apple.product-type.bundle.unit-test";
		};
		F4639D1C1EE110E800F8A49F /* ExtractVideosUITests */ = {
			isa = PBXNativeTarget;
			buildConfigurationList = F4639D2C1EE110E800F8A49F /* Build configuration list for PBXNativeTarget "ExtractVideosUITests" */;
			buildPhases = (
				F4639D191EE110E800F8A49F /* Sources */,
				F4639D1A1EE110E800F8A49F /* Frameworks */,
				F4639D1B1EE110E800F8A49F /* Resources */,
			);
			buildRules = (
			);
			dependencies = (
				F4639D1F1EE110E800F8A49F /* PBXTargetDependency */,
			);
			name = ExtractVideosUITests;
			productName = ExtractVideosUITests;
			productReference = F4639D1D1EE110E800F8A49F /* ExtractVideosUITests.xctest */;
			productType = "com.apple.product-type.bundle.ui-testing";
		};
/* End PBXNativeTarget section */

/* Begin PBXProject section */
		F4639CF11EE110E800F8A49F /* Project object */ = {
			isa = PBXProject;
			attributes = {
				LastUpgradeCheck = 0830;
				ORGANIZATIONNAME = zhangdong;
				TargetAttributes = {
					F4639CF81EE110E800F8A49F = {
						CreatedOnToolsVersion = 8.3.2;
						DevelopmentTeam = 9RANFDJPSF;
						ProvisioningStyle = Automatic;
					};
					F4639D111EE110E800F8A49F = {
						CreatedOnToolsVersion = 8.3.2;
						DevelopmentTeam = RGJ4L383TT;
						ProvisioningStyle = Automatic;
						TestTargetID = F4639CF81EE110E800F8A49F;
					};
					F4639D1C1EE110E800F8A49F = {
						CreatedOnToolsVersion = 8.3.2;
						DevelopmentTeam = RGJ4L383TT;
						ProvisioningStyle = Automatic;
						TestTargetID = F4639CF81EE110E800F8A49F;
					};
				};
			};
			buildConfigurationList = F4639CF41EE110E800F8A49F /* Build configuration list for PBXProject "ExtractVideos" */;
			compatibilityVersion = "Xcode 3.2";
			developmentRegion = English;
			hasScannedForEncodings = 0;
			knownRegions = (
				en,
				Base,
			);
			mainGroup = F4639CF01EE110E800F8A49F;
			productRefGroup = F4639CFA1EE110E800F8A49F /* Products */;
			projectDirPath = "";
			projectRoot = "";
			targets = (
				F4639CF81EE110E800F8A49F /* ExtractVideos */,
				F4639D111EE110E800F8A49F /* ExtractVideosTests */,
				F4639D1C1EE110E800F8A49F /* ExtractVideosUITests */,
			);
		};
/* End PBXProject section */

/* Begin PBXResourcesBuildPhase section */
		F4639CF71EE110E800F8A49F /* Resources */ = {
			isa = PBXResourcesBuildPhase;
			buildActionMask = 2147483647;
			files = (
				F49E5ED11EE6871D00090094 /* icon_22x29.png in Resources */,
				F4639D0C1EE110E800F8A49F /* LaunchScreen.storyboard in Resources */,
				F4639D091EE110E800F8A49F /* Assets.xcassets in Resources */,
				F49E5ED41EE6871D00090094 /* icon_320x320.png in Resources */,
				F49E5ED31EE6871D00090094 /* icon_64x64.png in Resources */,
				F49E5ED21EE6871D00090094 /* icon_44x58.png in Resources */,
				F4639D071EE110E800F8A49F /* Main.storyboard in Resources */,
			);
			runOnlyForDeploymentPostprocessing = 0;
		};
		F4639D101EE110E800F8A49F /* Resources */ = {
			isa = PBXResourcesBuildPhase;
			buildActionMask = 2147483647;
			files = (
			);
			runOnlyForDeploymentPostprocessing = 0;
		};
		F4639D1B1EE110E800F8A49F /* Resources */ = {
			isa = PBXResourcesBuildPhase;
			buildActionMask = 2147483647;
			files = (
			);
			runOnlyForDeploymentPostprocessing = 0;
		};
/* End PBXResourcesBuildPhase section */

/* Begin PBXShellScriptBuildPhase section */
		9A0AA35EEB65511E1B37AF84 /* [CP] Embed Pods Frameworks */ = {
			isa = PBXShellScriptBuildPhase;
			buildActionMask = 2147483647;
			files = (
			);
			inputPaths = (
			);
			name = "[CP] Embed Pods Frameworks";
			outputPaths = (
			);
			runOnlyForDeploymentPostprocessing = 0;
			shellPath = /bin/sh;
			shellScript = "\"${SRCROOT}/Pods/Target Support Files/Pods-ExtractVideos/Pods-ExtractVideos-frameworks.sh\"\n";
			showEnvVarsInLog = 0;
		};
		CAA5A0DAA92D0FC8A5DCBCF0 /* [CP] Copy Pods Resources */ = {
			isa = PBXShellScriptBuildPhase;
			buildActionMask = 2147483647;
			files = (
			);
			inputPaths = (
			);
			name = "[CP] Copy Pods Resources";
			outputPaths = (
			);
			runOnlyForDeploymentPostprocessing = 0;
			shellPath = /bin/sh;
			shellScript = "\"${SRCROOT}/Pods/Target Support Files/Pods-ExtractVideos/Pods-ExtractVideos-resources.sh\"\n";
			showEnvVarsInLog = 0;
		};
		E30EF293E067DA40D35B2962 /* [CP] Check Pods Manifest.lock */ = {
			isa = PBXShellScriptBuildPhase;
			buildActionMask = 2147483647;
			files = (
			);
			inputPaths = (
			);
			name = "[CP] Check Pods Manifest.lock";
			outputPaths = (
			);
			runOnlyForDeploymentPostprocessing = 0;
			shellPath = /bin/sh;
			shellScript = "diff \"${PODS_PODFILE_DIR_PATH}/Podfile.lock\" \"${PODS_ROOT}/Manifest.lock\" > /dev/null\nif [ $? != 0 ] ; then\n    # print error to STDERR\n    echo \"error: The sandbox is not in sync with the Podfile.lock. Run 'pod install' or update your CocoaPods installation.\" >&2\n    exit 1\nfi\n";
			showEnvVarsInLog = 0;
		};
/* End PBXShellScriptBuildPhase section */

/* Begin PBXSourcesBuildPhase section */
		F4639CF51EE110E800F8A49F /* Sources */ = {
			isa = PBXSourcesBuildPhase;
			buildActionMask = 2147483647;
			files = (
				F4639D011EE110E800F8A49F /* AppDelegate.m in Sources */,
				F4639D331EE1113C00F8A49F /* DeviceUtility.m in Sources */,
				F49E5EDA1EE6D70A00090094 /* QXCToastView.m in Sources */,
				F4639CFE1EE110E800F8A49F /* main.m in Sources */,
				F4639D3F1EE13AFF00F8A49F /* CommonUtility.m in Sources */,
				F4639D391EE111D200F8A49F /* HomeViewController.m in Sources */,
				F49E5EE01EE7E17600090094 /* PSYouTubeExtractor.m in Sources */,
				F49E5ED71EE6D69000090094 /* UIViewController+QXCToast.m in Sources */,
				F4639D541EE54E1300F8A49F /* UIDownloadBar.m in Sources */,
				F4639D3C1EE111F500F8A49F /* HomeNullView.m in Sources */,
				F49E5EDD1EE79EC300090094 /* DownloadRules.m in Sources */,
				F4639D451EE1423400F8A49F /* NSTimer+addition.m in Sources */,
				F4639D461EE1423400F8A49F /* WYWebProgressLayer.m in Sources */,
			);
			runOnlyForDeploymentPostprocessing = 0;
		};
		F4639D0E1EE110E800F8A49F /* Sources */ = {
			isa = PBXSourcesBuildPhase;
			buildActionMask = 2147483647;
			files = (
				F4639D171EE110E800F8A49F /* ExtractVideosTests.m in Sources */,
			);
			runOnlyForDeploymentPostprocessing = 0;
		};
		F4639D191EE110E800F8A49F /* Sources */ = {
			isa = PBXSourcesBuildPhase;
			buildActionMask = 2147483647;
			files = (
				F4639D221EE110E800F8A49F /* ExtractVideosUITests.m in Sources */,
			);
			runOnlyForDeploymentPostprocessing = 0;
		};
/* End PBXSourcesBuildPhase section */

/* Begin PBXTargetDependency section */
		F4639D141EE110E800F8A49F /* PBXTargetDependency */ = {
			isa = PBXTargetDependency;
			target = F4639CF81EE110E800F8A49F /* ExtractVideos */;
			targetProxy = F4639D131EE110E800F8A49F /* PBXContainerItemProxy */;
		};
		F4639D1F1EE110E800F8A49F /* PBXTargetDependency */ = {
			isa = PBXTargetDependency;
			target = F4639CF81EE110E800F8A49F /* ExtractVideos */;
			targetProxy = F4639D1E1EE110E800F8A49F /* PBXContainerItemProxy */;
		};
/* End PBXTargetDependency section */

/* Begin PBXVariantGroup section */
		F4639D051EE110E800F8A49F /* Main.storyboard */ = {
			isa = PBXVariantGroup;
			children = (
				F4639D061EE110E800F8A49F /* Base */,
			);
			name = Main.storyboard;
			sourceTree = "<group>";
		};
		F4639D0A1EE110E800F8A49F /* LaunchScreen.storyboard */ = {
			isa = PBXVariantGroup;
			children = (
				F4639D0B1EE110E800F8A49F /* Base */,
			);
			name = LaunchScreen.storyboard;
			sourceTree = "<group>";
		};
/* End PBXVariantGroup section */

/* Begin XCBuildConfiguration section */
		F4639D241EE110E800F8A49F /* Debug */ = {
			isa = XCBuildConfiguration;
			buildSettings = {
				ALWAYS_SEARCH_USER_PATHS = NO;
				CLANG_ANALYZER_NONNULL = YES;
				CLANG_ANALYZER_NUMBER_OBJECT_CONVERSION = YES_AGGRESSIVE;
				CLANG_CXX_LANGUAGE_STANDARD = "gnu++0x";
				CLANG_CXX_LIBRARY = "libc++";
				CLANG_ENABLE_MODULES = YES;
				CLANG_ENABLE_OBJC_ARC = YES;
				CLANG_WARN_BOOL_CONVERSION = YES;
				CLANG_WARN_CONSTANT_CONVERSION = YES;
				CLANG_WARN_DIRECT_OBJC_ISA_USAGE = YES_ERROR;
				CLANG_WARN_DOCUMENTATION_COMMENTS = YES;
				CLANG_WARN_EMPTY_BODY = YES;
				CLANG_WARN_ENUM_CONVERSION = YES;
				CLANG_WARN_INFINITE_RECURSION = YES;
				CLANG_WARN_INT_CONVERSION = YES;
				CLANG_WARN_OBJC_ROOT_CLASS = YES_ERROR;
				CLANG_WARN_SUSPICIOUS_MOVE = YES;
				CLANG_WARN_UNREACHABLE_CODE = YES;
				CLANG_WARN__DUPLICATE_METHOD_MATCH = YES;
				"CODE_SIGN_IDENTITY[sdk=iphoneos*]" = "iPhone Developer";
				COPY_PHASE_STRIP = NO;
				DEBUG_INFORMATION_FORMAT = dwarf;
				ENABLE_STRICT_OBJC_MSGSEND = YES;
				ENABLE_TESTABILITY = YES;
				GCC_C_LANGUAGE_STANDARD = gnu99;
				GCC_DYNAMIC_NO_PIC = NO;
				GCC_NO_COMMON_BLOCKS = YES;
				GCC_OPTIMIZATION_LEVEL = 0;
				GCC_PREPROCESSOR_DEFINITIONS = (
					"DEBUG=1",
					"$(inherited)",
				);
				GCC_WARN_64_TO_32_BIT_CONVERSION = YES;
				GCC_WARN_ABOUT_RETURN_TYPE = YES_ERROR;
				GCC_WARN_UNDECLARED_SELECTOR = YES;
				GCC_WARN_UNINITIALIZED_AUTOS = YES_AGGRESSIVE;
				GCC_WARN_UNUSED_FUNCTION = YES;
				GCC_WARN_UNUSED_VARIABLE = YES;
				IPHONEOS_DEPLOYMENT_TARGET = 10.3;
				MTL_ENABLE_DEBUG_INFO = YES;
				ONLY_ACTIVE_ARCH = YES;
				SDKROOT = iphoneos;
				TARGETED_DEVICE_FAMILY = "1,2";
			};
			name = Debug;
		};
		F4639D251EE110E800F8A49F /* Release */ = {
			isa = XCBuildConfiguration;
			buildSettings = {
				ALWAYS_SEARCH_USER_PATHS = NO;
				CLANG_ANALYZER_NONNULL = YES;
				CLANG_ANALYZER_NUMBER_OBJECT_CONVERSION = YES_AGGRESSIVE;
				CLANG_CXX_LANGUAGE_STANDARD = "gnu++0x";
				CLANG_CXX_LIBRARY = "libc++";
				CLANG_ENABLE_MODULES = YES;
				CLANG_ENABLE_OBJC_ARC = YES;
				CLANG_WARN_BOOL_CONVERSION = YES;
				CLANG_WARN_CONSTANT_CONVERSION = YES;
				CLANG_WARN_DIRECT_OBJC_ISA_USAGE = YES_ERROR;
				CLANG_WARN_DOCUMENTATION_COMMENTS = YES;
				CLANG_WARN_EMPTY_BODY = YES;
				CLANG_WARN_ENUM_CONVERSION = YES;
				CLANG_WARN_INFINITE_RECURSION = YES;
				CLANG_WARN_INT_CONVERSION = YES;
				CLANG_WARN_OBJC_ROOT_CLASS = YES_ERROR;
				CLANG_WARN_SUSPICIOUS_MOVE = YES;
				CLANG_WARN_UNREACHABLE_CODE = YES;
				CLANG_WARN__DUPLICATE_METHOD_MATCH = YES;
				"CODE_SIGN_IDENTITY[sdk=iphoneos*]" = "iPhone Developer";
				COPY_PHASE_STRIP = NO;
				DEBUG_INFORMATION_FORMAT = "dwarf-with-dsym";
				ENABLE_NS_ASSERTIONS = NO;
				ENABLE_STRICT_OBJC_MSGSEND = YES;
				GCC_C_LANGUAGE_STANDARD = gnu99;
				GCC_NO_COMMON_BLOCKS = YES;
				GCC_WARN_64_TO_32_BIT_CONVERSION = YES;
				GCC_WARN_ABOUT_RETURN_TYPE = YES_ERROR;
				GCC_WARN_UNDECLARED_SELECTOR = YES;
				GCC_WARN_UNINITIALIZED_AUTOS = YES_AGGRESSIVE;
				GCC_WARN_UNUSED_FUNCTION = YES;
				GCC_WARN_UNUSED_VARIABLE = YES;
				IPHONEOS_DEPLOYMENT_TARGET = 10.3;
				MTL_ENABLE_DEBUG_INFO = NO;
				SDKROOT = iphoneos;
				TARGETED_DEVICE_FAMILY = "1,2";
				VALIDATE_PRODUCT = YES;
			};
			name = Release;
		};
		F4639D271EE110E800F8A49F /* Debug */ = {
			isa = XCBuildConfiguration;
			baseConfigurationReference = 356E56374773FDD6D9548211 /* Pods-ExtractVideos.debug.xcconfig */;
			buildSettings = {
				ASSETCATALOG_COMPILER_APPICON_NAME = AppIcon;
				"CODE_SIGN_IDENTITY[sdk=iphoneos*]" = "iPhone Developer";
				DEVELOPMENT_TEAM = 9RANFDJPSF;
				INFOPLIST_FILE = ExtractVideos/Info.plist;
				LD_RUNPATH_SEARCH_PATHS = "$(inherited) @executable_path/Frameworks";
				PRODUCT_BUNDLE_IDENTIFIER = com.walker.ExtractVideos;
				PRODUCT_NAME = "$(TARGET_NAME)";
				PROVISIONING_PROFILE = "";
				PROVISIONING_PROFILE_SPECIFIER = "";
				TARGETED_DEVICE_FAMILY = "1,2";
			};
			name = Debug;
		};
		F4639D281EE110E800F8A49F /* Release */ = {
			isa = XCBuildConfiguration;
			baseConfigurationReference = 8FC56E901ADB086FD86AE8E5 /* Pods-ExtractVideos.release.xcconfig */;
			buildSettings = {
				ASSETCATALOG_COMPILER_APPICON_NAME = AppIcon;
				"CODE_SIGN_IDENTITY[sdk=iphoneos*]" = "iPhone Developer";
				DEVELOPMENT_TEAM = 9RANFDJPSF;
				INFOPLIST_FILE = ExtractVideos/Info.plist;
				LD_RUNPATH_SEARCH_PATHS = "$(inherited) @executable_path/Frameworks";
				PRODUCT_BUNDLE_IDENTIFIER = com.walker.ExtractVideos;
				PRODUCT_NAME = "$(TARGET_NAME)";
				PROVISIONING_PROFILE = "";
				PROVISIONING_PROFILE_SPECIFIER = "";
				TARGETED_DEVICE_FAMILY = "1,2";
			};
			name = Release;
		};
		F4639D2A1EE110E800F8A49F /* Debug */ = {
			isa = XCBuildConfiguration;
			buildSettings = {
				BUNDLE_LOADER = "$(TEST_HOST)";
				DEVELOPMENT_TEAM = RGJ4L383TT;
				INFOPLIST_FILE = ExtractVideosTests/Info.plist;
				LD_RUNPATH_SEARCH_PATHS = "$(inherited) @executable_path/Frameworks @loader_path/Frameworks";
				PRODUCT_BUNDLE_IDENTIFIER = com.walker.ExtractVideosTests;
				PRODUCT_NAME = "$(TARGET_NAME)";
				TEST_HOST = "$(BUILT_PRODUCTS_DIR)/ExtractVideos.app/ExtractVideos";
			};
			name = Debug;
		};
		F4639D2B1EE110E800F8A49F /* Release */ = {
			isa = XCBuildConfiguration;
			buildSettings = {
				BUNDLE_LOADER = "$(TEST_HOST)";
				DEVELOPMENT_TEAM = RGJ4L383TT;
				INFOPLIST_FILE = ExtractVideosTests/Info.plist;
				LD_RUNPATH_SEARCH_PATHS = "$(inherited) @executable_path/Frameworks @loader_path/Frameworks";
				PRODUCT_BUNDLE_IDENTIFIER = com.walker.ExtractVideosTests;
				PRODUCT_NAME = "$(TARGET_NAME)";
				TEST_HOST = "$(BUILT_PRODUCTS_DIR)/ExtractVideos.app/ExtractVideos";
			};
			name = Release;
		};
		F4639D2D1EE110E800F8A49F /* Debug */ = {
			isa = XCBuildConfiguration;
			buildSettings = {
				DEVELOPMENT_TEAM = RGJ4L383TT;
				INFOPLIST_FILE = ExtractVideosUITests/Info.plist;
				LD_RUNPATH_SEARCH_PATHS = "$(inherited) @executable_path/Frameworks @loader_path/Frameworks";
				PRODUCT_BUNDLE_IDENTIFIER = com.walker.ExtractVideosUITests;
				PRODUCT_NAME = "$(TARGET_NAME)";
				TEST_TARGET_NAME = ExtractVideos;
			};
			name = Debug;
		};
		F4639D2E1EE110E800F8A49F /* Release */ = {
			isa = XCBuildConfiguration;
			buildSettings = {
				DEVELOPMENT_TEAM = RGJ4L383TT;
				INFOPLIST_FILE = ExtractVideosUITests/Info.plist;
				LD_RUNPATH_SEARCH_PATHS = "$(inherited) @executable_path/Frameworks @loader_path/Frameworks";
				PRODUCT_BUNDLE_IDENTIFIER = com.walker.ExtractVideosUITests;
				PRODUCT_NAME = "$(TARGET_NAME)";
				TEST_TARGET_NAME = ExtractVideos;
			};
			name = Release;
		};
/* End XCBuildConfiguration section */

/* Begin XCConfigurationList section */
		F4639CF41EE110E800F8A49F /* Build configuration list for PBXProject "ExtractVideos" */ = {
			isa = XCConfigurationList;
			buildConfigurations = (
				F4639D241EE110E800F8A49F /* Debug */,
				F4639D251EE110E800F8A49F /* Release */,
			);
			defaultConfigurationIsVisible = 0;
			defaultConfigurationName = Release;
		};
		F4639D261EE110E800F8A49F /* Build configuration list for PBXNativeTarget "ExtractVideos" */ = {
			isa = XCConfigurationList;
			buildConfigurations = (
				F4639D271EE110E800F8A49F /* Debug */,
				F4639D281EE110E800F8A49F /* Release */,
			);
			defaultConfigurationIsVisible = 0;
			defaultConfigurationName = Release;
		};
		F4639D291EE110E800F8A49F /* Build configuration list for PBXNativeTarget "ExtractVideosTests" */ = {
			isa = XCConfigurationList;
			buildConfigurations = (
				F4639D2A1EE110E800F8A49F /* Debug */,
				F4639D2B1EE110E800F8A49F /* Release */,
			);
			defaultConfigurationIsVisible = 0;
			defaultConfigurationName = Release;
		};
		F4639D2C1EE110E800F8A49F /* Build configuration list for PBXNativeTarget "ExtractVideosUITests" */ = {
			isa = XCConfigurationList;
			buildConfigurations = (
				F4639D2D1EE110E800F8A49F /* Debug */,
				F4639D2E1EE110E800F8A49F /* Release */,
			);
			defaultConfigurationIsVisible = 0;
			defaultConfigurationName = Release;
		};
/* End XCConfigurationList section */
	};
	rootObject = F4639CF11EE110E800F8A49F /* Project object */;
}
